
Microsoft Visual Studio Solution File, Format Version 12.00
# Visual Studio Version 17
VisualStudioVersion = 17.7.34202.233
MinimumVisualStudioVersion = 10.0.40219.1
Project("{FAE04EC0-301F-11D3-BF4B-00C04F79EFBC}") = "CSharpest", "CSharpest.csproj", "{73BA4C7B-3447-4B74-B815-EFE1D5F16151}"
EndProject
Global
	GlobalSection(SolutionConfigurationPlatforms) = preSolution
		Debug|Any CPU = Debug|Any CPU
		Release|Any CPU = Release|Any CPU
	EndGlobalSection
	GlobalSection(ProjectConfigurationPlatforms) = postSolution
		{73BA4C7B-3447-4B74-B815-EFE1D5F16151}.Debug|Any CPU.ActiveCfg = Debug|Any CPU
		{73BA4C7B-3447-4B74-B815-EFE1D5F16151}.Debug|Any CPU.Build.0 = Debug|Any CPU
		{73BA4C7B-3447-4B74-B815-EFE1D5F16151}.Release|Any CPU.ActiveCfg = Release|Any CPU
		{73BA4C7B-3447-4B74-B815-EFE1D5F16151}.Release|Any CPU.Build.0 = Release|Any CPU
	EndGlobalSection
	GlobalSection(SolutionProperties) = preSolution
		HideSolutionNode = FALSE
	EndGlobalSection
	GlobalSection(ExtensibilityGlobals) = postSolution
		SolutionGuid = {7F6E688E-64D9-40D1-B613-253A5D96AE43}
	EndGlobalSection
EndGlobal
